PODS:
  - Flutter (1.0.0)
  - flutter_boost (0.0.2):
    - Flutter
  - flutter_boost_dart_demo (0.0.1):
    - Flutter
  - FlutterPluginRegistrant (0.0.1):
    - Flutter
    - flutter_boost

DEPENDENCIES:
  - Flutter (from `../flutter_boost_dart_demo/.ios/Flutter/engine`)
  - flutter_boost (from `../flutter_boost_dart_demo/.ios/.symlinks/plugins/flutter_boost/ios`)
  - flutter_boost_dart_demo (from `../flutter_boost_dart_demo/.ios/Flutter`)
  - FlutterPluginRegistrant (from `../flutter_boost_dart_demo/.ios/Flutter/FlutterPluginRegistrant`)

EXTERNAL SOURCES:
  Flutter:
    :path: "../flutter_boost_dart_demo/.ios/Flutter/engine"
  flutter_boost:
    :path: "../flutter_boost_dart_demo/.ios/.symlinks/plugins/flutter_boost/ios"
  flutter_boost_dart_demo:
    :path: "../flutter_boost_dart_demo/.ios/Flutter"
  FlutterPluginRegistrant:
    :path: "../flutter_boost_dart_demo/.ios/Flutter/FlutterPluginRegistrant"

SPEC CHECKSUMS:
  Flutter: ac41d61a47ae5bf8195a5598d2d63754888ec0d5
  flutter_boost: 1b5f53a54ba73726829691db891e85f40b4f6494
  flutter_boost_dart_demo: 20162ce23293b3c9ad3df54b4b26376b74954db4
  FlutterPluginRegistrant: 03a06fa5f754c611bb6c96f42acf9432e8c4515d

PODFILE CHECKSUM: 7130f9dbd2d92911de2187a8c5c08839ef3d9ae9

COCOAPODS: 1.10.1
